
Microsoft Visual Studio Solution File, Format Version 12.00
# Visual Studio 15
VisualStudioVersion = 15.0.26124.0
MinimumVisualStudioVersion = 15.0.26124.0
Project("{2150E333-8FDC-42A3-9474-1A3956D46DE8}") = "src", "src", "{AD47FAE1-1DD0-43AE-A011-8EC486D63A1D}"
EndProject
Project("{FAE04EC0-301F-11D3-BF4B-00C04F79EFBC}") = "Api.Http", "src\Api.Http\Api.Http.csproj", "{44CB5694-5B9D-4976-9DD7-34E210B94928}"
EndProject
Project("{FAE04EC0-301F-11D3-BF4B-00C04F79EFBC}") = "Domain", "src\Domain\Domain.csproj", "{59005E01-345E-4180-94C4-8E65752BE54C}"
EndProject
Global
	GlobalSection(SolutionConfigurationPlatforms) = preSolution
		Debug|Any CPU = Debug|Any CPU
		Debug|x64 = Debug|x64
		Debug|x86 = Debug|x86
		Release|Any CPU = Release|Any CPU
		Release|x64 = Release|x64
		Release|x86 = Release|x86
	EndGlobalSection
	GlobalSection(SolutionProperties) = preSolution
		HideSolutionNode = FALSE
	EndGlobalSection
	GlobalSection(ProjectConfigurationPlatforms) = postSolution
		{44CB5694-5B9D-4976-9DD7-34E210B94928}.Debug|Any CPU.ActiveCfg = Debug|Any CPU
		{44CB5694-5B9D-4976-9DD7-34E210B94928}.Debug|Any CPU.Build.0 = Debug|Any CPU
		{44CB5694-5B9D-4976-9DD7-34E210B94928}.Debug|x64.ActiveCfg = Debug|Any CPU
		{44CB5694-5B9D-4976-9DD7-34E210B94928}.Debug|x64.Build.0 = Debug|Any CPU
		{44CB5694-5B9D-4976-9DD7-34E210B94928}.Debug|x86.ActiveCfg = Debug|Any CPU
		{44CB5694-5B9D-4976-9DD7-34E210B94928}.Debug|x86.Build.0 = Debug|Any CPU
		{44CB5694-5B9D-4976-9DD7-34E210B94928}.Release|Any CPU.ActiveCfg = Release|Any CPU
		{44CB5694-5B9D-4976-9DD7-34E210B94928}.Release|Any CPU.Build.0 = Release|Any CPU
		{44CB5694-5B9D-4976-9DD7-34E210B94928}.Release|x64.ActiveCfg = Release|Any CPU
		{44CB5694-5B9D-4976-9DD7-34E210B94928}.Release|x64.Build.0 = Release|Any CPU
		{44CB5694-5B9D-4976-9DD7-34E210B94928}.Release|x86.ActiveCfg = Release|Any CPU
		{44CB5694-5B9D-4976-9DD7-34E210B94928}.Release|x86.Build.0 = Release|Any CPU
		{59005E01-345E-4180-94C4-8E65752BE54C}.Debug|Any CPU.ActiveCfg = Debug|Any CPU
		{59005E01-345E-4180-94C4-8E65752BE54C}.Debug|Any CPU.Build.0 = Debug|Any CPU
		{59005E01-345E-4180-94C4-8E65752BE54C}.Debug|x64.ActiveCfg = Debug|Any CPU
		{59005E01-345E-4180-94C4-8E65752BE54C}.Debug|x64.Build.0 = Debug|Any CPU
		{59005E01-345E-4180-94C4-8E65752BE54C}.Debug|x86.ActiveCfg = Debug|Any CPU
		{59005E01-345E-4180-94C4-8E65752BE54C}.Debug|x86.Build.0 = Debug|Any CPU
		{59005E01-345E-4180-94C4-8E65752BE54C}.Release|Any CPU.ActiveCfg = Release|Any CPU
		{59005E01-345E-4180-94C4-8E65752BE54C}.Release|Any CPU.Build.0 = Release|Any CPU
		{59005E01-345E-4180-94C4-8E65752BE54C}.Release|x64.ActiveCfg = Release|Any CPU
		{59005E01-345E-4180-94C4-8E65752BE54C}.Release|x64.Build.0 = Release|Any CPU
		{59005E01-345E-4180-94C4-8E65752BE54C}.Release|x86.ActiveCfg = Release|Any CPU
		{59005E01-345E-4180-94C4-8E65752BE54C}.Release|x86.Build.0 = Release|Any CPU
	EndGlobalSection
	GlobalSection(NestedProjects) = preSolution
		{44CB5694-5B9D-4976-9DD7-34E210B94928} = {AD47FAE1-1DD0-43AE-A011-8EC486D63A1D}
		{59005E01-345E-4180-94C4-8E65752BE54C} = {AD47FAE1-1DD0-43AE-A011-8EC486D63A1D}
	EndGlobalSection
EndGlobal
